
Microsoft Visual Studio Solution File, Format Version 12.00
# Visual Studio 15
VisualStudioVersion = 15.0.27130.2024
MinimumVisualStudioVersion = 10.0.40219.1
Project("{2150E333-8FDC-42A3-9474-1A3956D46DE8}") = "Common", "Common", "{F20A43DF-8DD7-4F0E-8018-DCFF7E669032}"
EndProject
Project("{2150E333-8FDC-42A3-9474-1A3956D46DE8}") = "Data", "Data", "{2F5C1143-524E-460A-BC8D-049E7EAE6DDE}"
EndProject
Project("{2150E333-8FDC-42A3-9474-1A3956D46DE8}") = "Web", "Web", "{B19D421E-3531-4523-8812-E63651EB81A9}"
EndProject
Project("{2150E333-8FDC-42A3-9474-1A3956D46DE8}") = "Testing", "Testing", "{58376D59-4820-4C41-A9D5-6B9F6F470496}"
EndProject
Project("{FAE04EC0-301F-11D3-BF4B-00C04F79EFBC}") = "Data.DAL", "Data\Data.DAL\Data.DAL.csproj", "{41EADE2A-2326-4B87-9338-533B965E24DC}"
EndProject
Project("{FAE04EC0-301F-11D3-BF4B-00C04F79EFBC}") = "Common.Entities", "Common\Common.Entities\Common.Entities.csproj", "{7BE6CDC5-64DC-4EE6-BA76-9B6A8EE79248}"
EndProject
Project("{2150E333-8FDC-42A3-9474-1A3956D46DE8}") = "Business", "Business", "{C94A88BB-5B3F-46E2-883A-58FAC7ADF7AA}"
EndProject
Project("{FAE04EC0-301F-11D3-BF4B-00C04F79EFBC}") = "Business.BL", "Business\Business.BL\Business.BL.csproj", "{43BF1C11-E6A8-4844-B62E-2835BC9DA75C}"
EndProject
Project("{FAE04EC0-301F-11D3-BF4B-00C04F79EFBC}") = "Data.DAL.Test", "Testing\Data.DAL.Test\Data.DAL.Test.csproj", "{B4772690-0BD3-4958-A2EE-74B7CC2EAB8B}"
EndProject
Project("{FAE04EC0-301F-11D3-BF4B-00C04F79EFBC}") = "Common.Exceptions", "Common\Common.Exceptions\Common.Exceptions.csproj", "{0ED08718-9D81-464D-850F-67880E80374D}"
EndProject
Project("{FAE04EC0-301F-11D3-BF4B-00C04F79EFBC}") = "Business.BL.Test", "Testing\Business.BL.Test\Business.BL.Test.csproj", "{716D196E-6928-4C8D-8BEB-497063F3699E}"
EndProject
Project("{FAE04EC0-301F-11D3-BF4B-00C04F79EFBC}") = "Web.Application", "Web\Web.Application\Web.Application.csproj", "{011D2294-D79C-4B72-9600-75ACE78F3D23}"
EndProject
Project("{FAE04EC0-301F-11D3-BF4B-00C04F79EFBC}") = "Web.Security", "Web\Web.Security\Web.Security.csproj", "{3092B81E-B3FE-42AA-ADFE-1EEC7B081DB3}"
EndProject
Project("{FAE04EC0-301F-11D3-BF4B-00C04F79EFBC}") = "Web.Application.Test", "Testing\Web.Application.Test\Web.Application.Test.csproj", "{141F96A3-A37E-407F-AB24-27445D46449D}"
EndProject
Project("{FAE04EC0-301F-11D3-BF4B-00C04F79EFBC}") = "Web.Custom", "Web\Web.Custom\Web.Custom.csproj", "{D233B954-960A-4184-86B9-4F6B38E1CB59}"
EndProject
Project("{2150E333-8FDC-42A3-9474-1A3956D46DE8}") = "DataBase", "DataBase", "{24ED66E9-A019-4A35-B3EF-A48DB8883F6F}"
	ProjectSection(SolutionItems) = preProject
		..\..\..\Users\Josue\Desktop\TimeManager.sql = ..\..\..\Users\Josue\Desktop\TimeManager.sql
	EndProjectSection
EndProject
Global
	GlobalSection(SolutionConfigurationPlatforms) = preSolution
		Debug|Any CPU = Debug|Any CPU
		Release|Any CPU = Release|Any CPU
	EndGlobalSection
	GlobalSection(ProjectConfigurationPlatforms) = postSolution
		{41EADE2A-2326-4B87-9338-533B965E24DC}.Debug|Any CPU.ActiveCfg = Debug|Any CPU
		{41EADE2A-2326-4B87-9338-533B965E24DC}.Debug|Any CPU.Build.0 = Debug|Any CPU
		{41EADE2A-2326-4B87-9338-533B965E24DC}.Release|Any CPU.ActiveCfg = Release|Any CPU
		{41EADE2A-2326-4B87-9338-533B965E24DC}.Release|Any CPU.Build.0 = Release|Any CPU
		{7BE6CDC5-64DC-4EE6-BA76-9B6A8EE79248}.Debug|Any CPU.ActiveCfg = Debug|Any CPU
		{7BE6CDC5-64DC-4EE6-BA76-9B6A8EE79248}.Debug|Any CPU.Build.0 = Debug|Any CPU
		{7BE6CDC5-64DC-4EE6-BA76-9B6A8EE79248}.Release|Any CPU.ActiveCfg = Release|Any CPU
		{7BE6CDC5-64DC-4EE6-BA76-9B6A8EE79248}.Release|Any CPU.Build.0 = Release|Any CPU
		{43BF1C11-E6A8-4844-B62E-2835BC9DA75C}.Debug|Any CPU.ActiveCfg = Debug|Any CPU
		{43BF1C11-E6A8-4844-B62E-2835BC9DA75C}.Debug|Any CPU.Build.0 = Debug|Any CPU
		{43BF1C11-E6A8-4844-B62E-2835BC9DA75C}.Release|Any CPU.ActiveCfg = Release|Any CPU
		{43BF1C11-E6A8-4844-B62E-2835BC9DA75C}.Release|Any CPU.Build.0 = Release|Any CPU
		{B4772690-0BD3-4958-A2EE-74B7CC2EAB8B}.Debug|Any CPU.ActiveCfg = Debug|Any CPU
		{B4772690-0BD3-4958-A2EE-74B7CC2EAB8B}.Debug|Any CPU.Build.0 = Debug|Any CPU
		{B4772690-0BD3-4958-A2EE-74B7CC2EAB8B}.Release|Any CPU.ActiveCfg = Release|Any CPU
		{B4772690-0BD3-4958-A2EE-74B7CC2EAB8B}.Release|Any CPU.Build.0 = Release|Any CPU
		{0ED08718-9D81-464D-850F-67880E80374D}.Debug|Any CPU.ActiveCfg = Debug|Any CPU
		{0ED08718-9D81-464D-850F-67880E80374D}.Debug|Any CPU.Build.0 = Debug|Any CPU
		{0ED08718-9D81-464D-850F-67880E80374D}.Release|Any CPU.ActiveCfg = Release|Any CPU
		{0ED08718-9D81-464D-850F-67880E80374D}.Release|Any CPU.Build.0 = Release|Any CPU
		{716D196E-6928-4C8D-8BEB-497063F3699E}.Debug|Any CPU.ActiveCfg = Debug|Any CPU
		{716D196E-6928-4C8D-8BEB-497063F3699E}.Debug|Any CPU.Build.0 = Debug|Any CPU
		{716D196E-6928-4C8D-8BEB-497063F3699E}.Release|Any CPU.ActiveCfg = Release|Any CPU
		{716D196E-6928-4C8D-8BEB-497063F3699E}.Release|Any CPU.Build.0 = Release|Any CPU
		{011D2294-D79C-4B72-9600-75ACE78F3D23}.Debug|Any CPU.ActiveCfg = Debug|Any CPU
		{011D2294-D79C-4B72-9600-75ACE78F3D23}.Debug|Any CPU.Build.0 = Debug|Any CPU
		{011D2294-D79C-4B72-9600-75ACE78F3D23}.Release|Any CPU.ActiveCfg = Release|Any CPU
		{011D2294-D79C-4B72-9600-75ACE78F3D23}.Release|Any CPU.Build.0 = Release|Any CPU
		{3092B81E-B3FE-42AA-ADFE-1EEC7B081DB3}.Debug|Any CPU.ActiveCfg = Debug|Any CPU
		{3092B81E-B3FE-42AA-ADFE-1EEC7B081DB3}.Debug|Any CPU.Build.0 = Debug|Any CPU
		{3092B81E-B3FE-42AA-ADFE-1EEC7B081DB3}.Release|Any CPU.ActiveCfg = Release|Any CPU
		{3092B81E-B3FE-42AA-ADFE-1EEC7B081DB3}.Release|Any CPU.Build.0 = Release|Any CPU
		{141F96A3-A37E-407F-AB24-27445D46449D}.Debug|Any CPU.ActiveCfg = Debug|Any CPU
		{141F96A3-A37E-407F-AB24-27445D46449D}.Debug|Any CPU.Build.0 = Debug|Any CPU
		{141F96A3-A37E-407F-AB24-27445D46449D}.Release|Any CPU.ActiveCfg = Release|Any CPU
		{141F96A3-A37E-407F-AB24-27445D46449D}.Release|Any CPU.Build.0 = Release|Any CPU
		{D233B954-960A-4184-86B9-4F6B38E1CB59}.Debug|Any CPU.ActiveCfg = Debug|Any CPU
		{D233B954-960A-4184-86B9-4F6B38E1CB59}.Debug|Any CPU.Build.0 = Debug|Any CPU
		{D233B954-960A-4184-86B9-4F6B38E1CB59}.Release|Any CPU.ActiveCfg = Release|Any CPU
		{D233B954-960A-4184-86B9-4F6B38E1CB59}.Release|Any CPU.Build.0 = Release|Any CPU
	EndGlobalSection
	GlobalSection(SolutionProperties) = preSolution
		HideSolutionNode = FALSE
	EndGlobalSection
	GlobalSection(NestedProjects) = preSolution
		{41EADE2A-2326-4B87-9338-533B965E24DC} = {2F5C1143-524E-460A-BC8D-049E7EAE6DDE}
		{7BE6CDC5-64DC-4EE6-BA76-9B6A8EE79248} = {F20A43DF-8DD7-4F0E-8018-DCFF7E669032}
		{43BF1C11-E6A8-4844-B62E-2835BC9DA75C} = {C94A88BB-5B3F-46E2-883A-58FAC7ADF7AA}
		{B4772690-0BD3-4958-A2EE-74B7CC2EAB8B} = {58376D59-4820-4C41-A9D5-6B9F6F470496}
		{0ED08718-9D81-464D-850F-67880E80374D} = {F20A43DF-8DD7-4F0E-8018-DCFF7E669032}
		{716D196E-6928-4C8D-8BEB-497063F3699E} = {58376D59-4820-4C41-A9D5-6B9F6F470496}
		{011D2294-D79C-4B72-9600-75ACE78F3D23} = {B19D421E-3531-4523-8812-E63651EB81A9}
		{3092B81E-B3FE-42AA-ADFE-1EEC7B081DB3} = {B19D421E-3531-4523-8812-E63651EB81A9}
		{141F96A3-A37E-407F-AB24-27445D46449D} = {58376D59-4820-4C41-A9D5-6B9F6F470496}
		{D233B954-960A-4184-86B9-4F6B38E1CB59} = {B19D421E-3531-4523-8812-E63651EB81A9}
	EndGlobalSection
	GlobalSection(ExtensibilityGlobals) = postSolution
		SolutionGuid = {932E57FA-0EE1-4E3A-BD4D-1E6E4C0A3E08}
	EndGlobalSection
EndGlobal
